
Microsoft Visual Studio Solution File, Format Version 12.00
# Visual Studio Version 16
VisualStudioVersion = 16.0.33130.400
MinimumVisualStudioVersion = 10.0.40219.1
Project("{8BC9CEB8-8B4A-11D0-8D11-00A0C91BC942}") = "InversionGraph--attempt3", "InversionGraph--attempt3.vcxproj", "{5224B1A4-12DE-4E23-82A9-34A15D629645}"
EndProject
Global
	GlobalSection(SolutionConfigurationPlatforms) = preSolution
		Debug|x64 = Debug|x64
		Debug|x86 = Debug|x86
		Release|x64 = Release|x64
		Release|x86 = Release|x86
	EndGlobalSection
	GlobalSection(ProjectConfigurationPlatforms) = postSolution
		{5224B1A4-12DE-4E23-82A9-34A15D629645}.Debug|x64.ActiveCfg = Debug|x64
		{5224B1A4-12DE-4E23-82A9-34A15D629645}.Debug|x64.Build.0 = Debug|x64
		{5224B1A4-12DE-4E23-82A9-34A15D629645}.Debug|x86.ActiveCfg = Debug|Win32
		{5224B1A4-12DE-4E23-82A9-34A15D629645}.Debug|x86.Build.0 = Debug|Win32
		{5224B1A4-12DE-4E23-82A9-34A15D629645}.Release|x64.ActiveCfg = Release|x64
		{5224B1A4-12DE-4E23-82A9-34A15D629645}.Release|x64.Build.0 = Release|x64
		{5224B1A4-12DE-4E23-82A9-34A15D629645}.Release|x86.ActiveCfg = Release|Win32
		{5224B1A4-12DE-4E23-82A9-34A15D629645}.Release|x86.Build.0 = Release|Win32
	EndGlobalSection
	GlobalSection(SolutionProperties) = preSolution
		HideSolutionNode = FALSE
	EndGlobalSection
	GlobalSection(ExtensibilityGlobals) = postSolution
		SolutionGuid = {9185218E-AD39-497E-BEAD-406B9A576C44}
	EndGlobalSection
EndGlobal
